golang.org/x/crypto v0.53.0 h1:QZ4Muo8THX6CizN2vPPd5fBGHyogrdK9fG4wLPFUsto=
golang.org/x/crypto v0.53.0/go.mod h1:DNLU434OwVakk9PzuwV8w62mAJpRJL3vsgcfp4Qnsio=
software.sslmate.com/src/go-pkcs12 v0.7.2 h1:Rh9FoMaI5k7Oo6EOS+2/BnoZ+JFIS+XHjM0VGkSPXLM=
software.sslmate.com/src/go-pkcs12 v0.7.2/go.mod h1:Qiz0EyvDRJjjxGyUQa2cCNZn/wMyzrRJ/qcDXOQazLI=
